[[package]]
name = "amqp"
version = "5.0.6"
description = "Low-level AMQP client for Python (fork of amqplib)."
category = "main"
optional = false
python-versions = ">=3.6"

[package.dependencies]
vine = "5.0.0"

[[package]]
name = "asgiref"
version = "3.3.4"
description = "ASGI specs, helper code, and adapters"
category = "main"
optional = false
python-versions = ">=3.6"

[package.extras]
tests = ["pytest", "pytest-asyncio", "mypy (>=0.800)"]

[[package]]
name = "billiard"
version = "3.6.4.0"
description = "Python multiprocessing fork with improvements and bugfixes"
category = "main"
optional = false
python-versions = "*"

[[package]]
name = "celery"
version = "5.0.5"
description = "Distributed Task Queue."
category = "main"
optional = false
python-versions = ">=3.6,"

[package.dependencies]
billiard = ">=3.6.3.0,<4.0"
click = ">=7.0,<8.0"
click-didyoumean = ">=0.0.3"
click-plugins = ">=1.1.1"
click-repl = ">=0.1.6"
kombu = ">=5.0.0,<6.0"
pytz = ">0.0-dev"
vine = ">=5.0.0,<6.0"

[package.extras]
arangodb = ["pyArango (>=1.3.2)"]
auth = ["cryptography"]
azureblockblob = ["azure-storage (==0.36.0)", "azure-common (==1.1.5)", "azure-storage-common (==1.1.0)"]
brotli = ["brotli (>=1.0.0)", "brotlipy (>=0.7.0)"]
cassandra = ["cassandra-driver (<3.21.0)"]
consul = ["python-consul"]
cosmosdbsql = ["pydocumentdb (==2.3.2)"]
couchbase = ["couchbase (>=3.0.0)"]
couchdb = ["pycouchdb"]
django = ["Django (>=1.11)"]
dynamodb = ["boto3 (>=1.9.178)"]
elasticsearch = ["elasticsearch"]
eventlet = ["eventlet (>=0.26.1)"]
gevent = ["gevent (>=1.0.0)"]
librabbitmq = ["librabbitmq (>=1.5.0)"]
lzma = ["backports.lzma"]
memcache = ["pylibmc"]
mongodb = ["pymongo[srv] (>=3.3.0)"]
msgpack = ["msgpack"]
pymemcache = ["python-memcached"]
pyro = ["pyro4"]
pytest = ["pytest-celery"]
redis = ["redis (>=3.2.0)"]
s3 = ["boto3 (>=1.9.125)"]
slmq = ["softlayer-messaging (>=1.0.3)"]
solar = ["ephem"]
sqlalchemy = ["sqlalchemy"]
sqs = ["boto3 (>=1.9.125)", "pycurl (==7.43.0.5)"]
tblib = ["tblib (>=1.3.0)", "tblib (>=1.5.0)"]
yaml = ["PyYAML (>=3.10)"]
zookeeper = ["kazoo (>=1.3.1)"]
zstd = ["zstandard"]

[[package]]
name = "click"
version = "7.1.2"
description = "Composable command line interface toolkit"
category = "main"
optional = false
python-versions = ">=2.7, !=3.0.*, !=3.1.*, !=3.2.*, !=3.3.*, !=3.4.*"

[[package]]
name = "click-didyoumean"
version = "0.0.3"
description = "Enable git-like did-you-mean feature in click."
category = "main"
optional = false
python-versions = "*"

[package.dependencies]
click = "*"

[[package]]
name = "click-plugins"
version = "1.1.1"
description = "An extension module for click to enable registering CLI commands via setuptools entry-points."
category = "main"
optional = false
python-versions = "*"

[package.dependencies]
click = ">=4.0"

[package.extras]
dev = ["pytest (>=3.6)", "pytest-cov", "wheel", "coveralls"]

[[package]]
name = "click-repl"
version = "0.1.6"
description = "REPL plugin for Click"
category = "main"
optional = false
python-versions = "*"

[package.dependencies]
click = "*"
prompt-toolkit = "*"
six = "*"

[[package]]
name = "dj-database-url"
version = "0.5.0"
description = "Use Database URLs in your Django Application."
category = "main"
optional = false
python-versions = "*"

[[package]]
name = "django"
version = "3.2"
description = "A high-level Python Web framework that encourages rapid development and clean, pragmatic design."
category = "main"
optional = false
python-versions = ">=3.6"

[package.dependencies]
asgiref = ">=3.3.2,<4"
pytz = "*"
sqlparse = ">=0.2.2"

[package.extras]
argon2 = ["argon2-cffi (>=19.1.0)"]
bcrypt = ["bcrypt"]

[[package]]
name = "faker"
version = "8.0.0"
description = "Faker is a Python package that generates fake data for you."
category = "main"
optional = false
python-versions = ">=3.6"

[package.dependencies]
python-dateutil = ">=2.4"
text-unidecode = "1.3"

[[package]]
name = "flake8"
version = "3.9.0"
description = "the modular source code checker: pep8 pyflakes and co"
category = "dev"
optional = false
python-versions = "!=3.0.*,!=3.1.*,!=3.2.*,!=3.3.*,!=3.4.*,>=2.7"

[package.dependencies]
mccabe = ">=0.6.0,<0.7.0"
pycodestyle = ">=2.7.0,<2.8.0"
pyflakes = ">=2.3.0,<2.4.0"

[[package]]
name = "gunicorn"
version = "20.1.0"
description = "WSGI HTTP Server for UNIX"
category = "main"
optional = false
python-versions = ">=3.5"

[package.extras]
eventlet = ["eventlet (>=0.24.1)"]
gevent = ["gevent (>=1.4.0)"]
setproctitle = ["setproctitle"]
tornado = ["tornado (>=0.2)"]

[[package]]
name = "kombu"
version = "5.0.2"
description = "Messaging library for Python."
category = "main"
optional = false
python-versions = ">=3.6"

[package.dependencies]
amqp = ">=5.0.0,<6.0.0"

[package.extras]
azureservicebus = ["azure-servicebus (>=0.21.1)"]
azurestoragequeues = ["azure-storage-queue"]
consul = ["python-consul (>=0.6.0)"]
librabbitmq = ["librabbitmq (>=1.5.2)"]
mongodb = ["pymongo (>=3.3.0)"]
msgpack = ["msgpack"]
pyro = ["pyro4"]
qpid = ["qpid-python (>=0.26)", "qpid-tools (>=0.26)"]
redis = ["redis (>=3.3.11)"]
slmq = ["softlayer-messaging (>=1.0.3)"]
sqlalchemy = ["sqlalchemy"]
sqs = ["boto3 (>=1.4.4)", "pycurl (==7.43.0.2)"]
yaml = ["PyYAML (>=3.10)"]
zookeeper = ["kazoo (>=1.3.1)"]

[[package]]
name = "mccabe"
version = "0.6.1"
description = "McCabe checker, plugin for flake8"
category = "dev"
optional = false
python-versions = "*"

[[package]]
name = "prompt-toolkit"
version = "3.0.18"
description = "Library for building powerful interactive command lines in Python"
category = "main"
optional = false
python-versions = ">=3.6.1"

[package.dependencies]
wcwidth = "*"

[[package]]
name = "pycodestyle"
version = "2.7.0"
description = "Python style guide checker"
category = "dev"
optional = false
python-versions = ">=2.7, !=3.0.*, !=3.1.*, !=3.2.*, !=3.3.*"

[[package]]
name = "pyflakes"
version = "2.3.1"
description = "passive checker of Python programs"
category = "dev"
optional = false
python-versions = ">=2.7, !=3.0.*, !=3.1.*, !=3.2.*, !=3.3.*"

[[package]]
name = "python-dateutil"
version = "2.8.1"
description = "Extensions to the standard Python datetime module"
category = "main"
optional = false
python-versions = "!=3.0.*,!=3.1.*,!=3.2.*,>=2.7"

[package.dependencies]
six = ">=1.5"

[[package]]
name = "python-dotenv"
version = "0.17.0"
description = "Read key-value pairs from a .env file and set them as environment variables"
category = "main"
optional = false
python-versions = "*"

[package.extras]
cli = ["click (>=5.0)"]

[[package]]
name = "pytz"
version = "2021.1"
description = "World timezone definitions, modern and historical"
category = "main"
optional = false
python-versions = "*"

[[package]]
name = "redis"
version = "3.5.3"
description = "Python client for Redis key-value store"
category = "main"
optional = false
python-versions = ">=2.7, !=3.0.*, !=3.1.*, !=3.2.*, !=3.3.*, !=3.4.*"

[package.extras]
hiredis = ["hiredis (>=0.1.3)"]

[[package]]
name = "six"
version = "1.15.0"
description = "Python 2 and 3 compatibility utilities"
category = "main"
optional = false
python-versions = ">=2.7, !=3.0.*, !=3.1.*, !=3.2.*"

[[package]]
name = "sqlparse"
version = "0.4.1"
description = "A non-validating SQL parser."
category = "main"
optional = false
python-versions = ">=3.5"

[[package]]
name = "text-unidecode"
version = "1.3"
description = "The most basic Text::Unidecode port"
category = "main"
optional = false
python-versions = "*"

[[package]]
name = "vine"
version = "5.0.0"
description = "Promises, promises, promises."
category = "main"
optional = false
python-versions = ">=3.6"

[[package]]
name = "wcwidth"
version = "0.2.5"
description = "Measures the displayed width of unicode strings in a terminal"
category = "main"
optional = false
python-versions = "*"

[[package]]
name = "whitenoise"
version = "5.2.0"
description = "Radically simplified static file serving for WSGI applications"
category = "main"
optional = false
python-versions = ">=3.5, <4"

[package.extras]
brotli = ["brotli"]

[metadata]
lock-version = "1.1"
python-versions = "^3.9"
content-hash = "ad4383812e91517cd6d30c90c7d46993b89232599918e01f8e48f996cf82f017"

[metadata.files]
amqp = [
    {file = "amqp-5.0.6-py3-none-any.whl", hash = "sha256:493a2ac6788ce270a2f6a765b017299f60c1998f5a8617908ee9be082f7300fb"},
    {file = "amqp-5.0.6.tar.gz", hash = "sha256:03e16e94f2b34c31f8bf1206d8ddd3ccaa4c315f7f6a1879b7b1210d229568c2"},
]
asgiref = [
    {file = "asgiref-3.3.4-py3-none-any.whl", hash = "sha256:92906c611ce6c967347bbfea733f13d6313901d54dcca88195eaeb52b2a8e8ee"},
    {file = "asgiref-3.3.4.tar.gz", hash = "sha256:d1216dfbdfb63826470995d31caed36225dcaf34f182e0fa257a4dd9e86f1b78"},
]
billiard = [
    {file = "billiard-3.6.4.0-py3-none-any.whl", hash = "sha256:87103ea78fa6ab4d5c751c4909bcff74617d985de7fa8b672cf8618afd5a875b"},
    {file = "billiard-3.6.4.0.tar.gz", hash = "sha256:299de5a8da28a783d51b197d496bef4f1595dd023a93a4f59dde1886ae905547"},
]
celery = [
    {file = "celery-5.0.5-py3-none-any.whl", hash = "sha256:5e8d364e058554e83bbb116e8377d90c79be254785f357cb2cec026e79febe13"},
    {file = "celery-5.0.5.tar.gz", hash = "sha256:f4efebe6f8629b0da2b8e529424de376494f5b7a743c321c8a2ddc2b1414921c"},
]
click = [
    {file = "click-7.1.2-py2.py3-none-any.whl", hash = "sha256:dacca89f4bfadd5de3d7489b7c8a566eee0d3676333fbb50030263894c38c0dc"},
    {file = "click-7.1.2.tar.gz", hash = "sha256:d2b5255c7c6349bc1bd1e59e08cd12acbbd63ce649f2588755783aa94dfb6b1a"},
]
click-didyoumean = [
    {file = "click-didyoumean-0.0.3.tar.gz", hash = "sha256:112229485c9704ff51362fe34b2d4f0b12fc71cc20f6d2b3afabed4b8bfa6aeb"},
]
click-plugins = [
    {file = "click-plugins-1.1.1.tar.gz", hash = "sha256:46ab999744a9d831159c3411bb0c79346d94a444df9a3a3742e9ed63645f264b"},
    {file = "click_plugins-1.1.1-py2.py3-none-any.whl", hash = "sha256:5d262006d3222f5057fd81e1623d4443e41dcda5dc815c06b442aa3c02889fc8"},
]
click-repl = [
    {file = "click-repl-0.1.6.tar.gz", hash = "sha256:b9f29d52abc4d6059f8e276132a111ab8d94980afe6a5432b9d996544afa95d5"},
    {file = "click_repl-0.1.6-py3-none-any.whl", hash = "sha256:9c4c3d022789cae912aad8a3f5e1d7c2cdd016ee1225b5212ad3e8691563cda5"},
]
dj-database-url = [
    {file = "dj-database-url-0.5.0.tar.gz", hash = "sha256:4aeaeb1f573c74835b0686a2b46b85990571159ffc21aa57ecd4d1e1cb334163"},
    {file = "dj_database_url-0.5.0-py2.py3-none-any.whl", hash = "sha256:851785365761ebe4994a921b433062309eb882fedd318e1b0fcecc607ed02da9"},
]
django = [
    {file = "Django-3.2-py3-none-any.whl", hash = "sha256:0604e84c4fb698a5e53e5857b5aea945b2f19a18f25f10b8748dbdf935788927"},
    {file = "Django-3.2.tar.gz", hash = "sha256:21f0f9643722675976004eb683c55d33c05486f94506672df3d6a141546f389d"},
]
faker = [
    {file = "Faker-8.0.0-py3-none-any.whl", hash = "sha256:225314932de94c282b096f6c3aac32db50119922747ac09a8350310da44241e5"},
    {file = "Faker-8.0.0.tar.gz", hash = "sha256:fe4bc214ba448ca52b20a0ee0ed16ded3e1ddce7874f2a95cd321d21e2e388d9"},
]
flake8 = [
    {file = "flake8-3.9.0-py2.py3-none-any.whl", hash = "sha256:12d05ab02614b6aee8df7c36b97d1a3b2372761222b19b58621355e82acddcff"},
    {file = "flake8-3.9.0.tar.gz", hash = "sha256:78873e372b12b093da7b5e5ed302e8ad9e988b38b063b61ad937f26ca58fc5f0"},
]
gunicorn = [
    {file = "gunicorn-20.1.0.tar.gz", hash = "sha256:e0a968b5ba15f8a328fdfd7ab1fcb5af4470c28aaf7e55df02a99bc13138e6e8"},
]
kombu = [
    {file = "kombu-5.0.2-py2.py3-none-any.whl", hash = "sha256:6dc509178ac4269b0e66ab4881f70a2035c33d3a622e20585f965986a5182006"},
    {file = "kombu-5.0.2.tar.gz", hash = "sha256:f4965fba0a4718d47d470beeb5d6446e3357a62402b16c510b6a2f251e05ac3c"},
]
mccabe = [
    {file = "mccabe-0.6.1-py2.py3-none-any.whl", hash = "sha256:ab8a6258860da4b6677da4bd2fe5dc2c659cff31b3ee4f7f5d64e79735b80d42"},
    {file = "mccabe-0.6.1.tar.gz", hash = "sha256:dd8d182285a0fe56bace7f45b5e7d1a6ebcbf524e8f3bd87eb0f125271b8831f"},
]
prompt-toolkit = [
    {file = "prompt_toolkit-3.0.18-py3-none-any.whl", hash = "sha256:bf00f22079f5fadc949f42ae8ff7f05702826a97059ffcc6281036ad40ac6f04"},
    {file = "prompt_toolkit-3.0.18.tar.gz", hash = "sha256:e1b4f11b9336a28fa11810bc623c357420f69dfdb6d2dac41ca2c21a55c033bc"},
]
pycodestyle = [
    {file = "pycodestyle-2.7.0-py2.py3-none-any.whl", hash = "sha256:514f76d918fcc0b55c6680472f0a37970994e07bbb80725808c17089be302068"},
    {file = "pycodestyle-2.7.0.tar.gz", hash = "sha256:c389c1d06bf7904078ca03399a4816f974a1d590090fecea0c63ec26ebaf1cef"},
]
pyflakes = [
    {file = "pyflakes-2.3.1-py2.py3-none-any.whl", hash = "sha256:7893783d01b8a89811dd72d7dfd4d84ff098e5eed95cfa8905b22bbffe52efc3"},
    {file = "pyflakes-2.3.1.tar.gz", hash = "sha256:f5bc8ecabc05bb9d291eb5203d6810b49040f6ff446a756326104746cc00c1db"},
]
python-dateutil = [
    {file = "python-dateutil-2.8.1.tar.gz", hash = "sha256:73ebfe9dbf22e832286dafa60473e4cd239f8592f699aa5adaf10050e6e1823c"},
    {file = "python_dateutil-2.8.1-py2.py3-none-any.whl", hash = "sha256:75bb3f31ea686f1197762692a9ee6a7550b59fc6ca3a1f4b5d7e32fb98e2da2a"},
]
python-dotenv = [
    {file = "python-dotenv-0.17.0.tar.gz", hash = "sha256:471b782da0af10da1a80341e8438fca5fadeba2881c54360d5fd8d03d03a4f4a"},
    {file = "python_dotenv-0.17.0-py2.py3-none-any.whl", hash = "sha256:49782a97c9d641e8a09ae1d9af0856cc587c8d2474919342d5104d85be9890b2"},
]
pytz = [
    {file = "pytz-2021.1-py2.py3-none-any.whl", hash = "sha256:eb10ce3e7736052ed3623d49975ce333bcd712c7bb19a58b9e2089d4057d0798"},
    {file = "pytz-2021.1.tar.gz", hash = "sha256:83a4a90894bf38e243cf052c8b58f381bfe9a7a483f6a9cab140bc7f702ac4da"},
]
redis = [
    {file = "redis-3.5.3-py2.py3-none-any.whl", hash = "sha256:432b788c4530cfe16d8d943a09d40ca6c16149727e4afe8c2c9d5580c59d9f24"},
    {file = "redis-3.5.3.tar.gz", hash = "sha256:0e7e0cfca8660dea8b7d5cd8c4f6c5e29e11f31158c0b0ae91a397f00e5a05a2"},
]
six = [
    {file = "six-1.15.0-py2.py3-none-any.whl", hash = "sha256:8b74bedcbbbaca38ff6d7491d76f2b06b3592611af620f8426e82dddb04a5ced"},
    {file = "six-1.15.0.tar.gz", hash = "sha256:30639c035cdb23534cd4aa2dd52c3bf48f06e5f4a941509c8bafd8ce11080259"},
]
sqlparse = [
    {file = "sqlparse-0.4.1-py3-none-any.whl", hash = "sha256:017cde379adbd6a1f15a61873f43e8274179378e95ef3fede90b5aa64d304ed0"},
    {file = "sqlparse-0.4.1.tar.gz", hash = "sha256:0f91fd2e829c44362cbcfab3e9ae12e22badaa8a29ad5ff599f9ec109f0454e8"},
]
text-unidecode = [
    {file = "text-unidecode-1.3.tar.gz", hash = "sha256:bad6603bb14d279193107714b288be206cac565dfa49aa5b105294dd5c4aab93"},
    {file = "text_unidecode-1.3-py2.py3-none-any.whl", hash = "sha256:1311f10e8b895935241623731c2ba64f4c455287888b18189350b67134a822e8"},
]
vine = [
    {file = "vine-5.0.0-py2.py3-none-any.whl", hash = "sha256:4c9dceab6f76ed92105027c49c823800dd33cacce13bdedc5b914e3514b7fb30"},
    {file = "vine-5.0.0.tar.gz", hash = "sha256:7d3b1624a953da82ef63462013bbd271d3eb75751489f9807598e8f340bd637e"},
]
wcwidth = [
    {file = "wcwidth-0.2.5-py2.py3-none-any.whl", hash = "sha256:beb4802a9cebb9144e99086eff703a642a13d6a0052920003a230f3294bbe784"},
    {file = "wcwidth-0.2.5.tar.gz", hash = "sha256:c4d647b99872929fdb7bdcaa4fbe7f01413ed3d98077df798530e5b04f116c83"},
]
whitenoise = [
    {file = "whitenoise-5.2.0-py2.py3-none-any.whl", hash = "sha256:05d00198c777028d72d8b0bbd234db605ef6d60e9410125124002518a48e515d"},
    {file = "whitenoise-5.2.0.tar.gz", hash = "sha256:05ce0be39ad85740a78750c86a93485c40f08ad8c62a6006de0233765996e5c7"},
]
